
Microsoft Visual Studio Solution File, Format Version 12.00
# Visual Studio 15
VisualStudioVersion = 15.0.27428.2037
MinimumVisualStudioVersion = 10.0.40219.1
Project("{888888A0-9F3D-457C-B088-3A5042F75D52}") = "Intro to Machine Learning", "Intro to Machine Learning\Intro to Machine Learning.pyproj", "{19F29540-2C6B-4579-B310-A8D691EA4C01}"
EndProject
Global
	GlobalSection(SolutionConfigurationPlatforms) = preSolution
		Debug|Any CPU = Debug|Any CPU
		Release|Any CPU = Release|Any CPU
	EndGlobalSection
	GlobalSection(ProjectConfigurationPlatforms) = postSolution
		{19F29540-2C6B-4579-B310-A8D691EA4C01}.Debug|Any CPU.ActiveCfg = Debug|Any CPU
		{19F29540-2C6B-4579-B310-A8D691EA4C01}.Release|Any CPU.ActiveCfg = Release|Any CPU
	EndGlobalSection
	GlobalSection(SolutionProperties) = preSolution
		HideSolutionNode = FALSE
	EndGlobalSection
	GlobalSection(ExtensibilityGlobals) = postSolution
		SolutionGuid = {FA833C83-CAB1-4984-A27B-B2C555DCA0E2}
	EndGlobalSection
EndGlobal
